
Microsoft Visual Studio Solution File, Format Version 12.00
# Visual Studio Version 17
VisualStudioVersion = 17.8.34408.163
MinimumVisualStudioVersion = 10.0.40219.1
Project("{9A19103F-16F7-4668-BE54-9A1E7A4F7556}") = "MyFirstWinForm", "MyFirstWinForm\MyFirstWinForm.csproj", "{0DDD4B63-E418-40F5-8C20-27B3567E6BBE}"
EndProject
Global
	GlobalSection(SolutionConfigurationPlatforms) = preSolution
		Debug|Any CPU = Debug|Any CPU
		Release|Any CPU = Release|Any CPU
	EndGlobalSection
	GlobalSection(ProjectConfigurationPlatforms) = postSolution
		{0DDD4B63-E418-40F5-8C20-27B3567E6BBE}.Debug|Any CPU.ActiveCfg = Debug|Any CPU
		{0DDD4B63-E418-40F5-8C20-27B3567E6BBE}.Debug|Any CPU.Build.0 = Debug|Any CPU
		{0DDD4B63-E418-40F5-8C20-27B3567E6BBE}.Release|Any CPU.ActiveCfg = Release|Any CPU
		{0DDD4B63-E418-40F5-8C20-27B3567E6BBE}.Release|Any CPU.Build.0 = Release|Any CPU
	EndGlobalSection
	GlobalSection(SolutionProperties) = preSolution
		HideSolutionNode = FALSE
	EndGlobalSection
	GlobalSection(ExtensibilityGlobals) = postSolution
		SolutionGuid = {37767F07-4742-457F-B363-66A73CC252A3}
	EndGlobalSection
EndGlobal
